
Microsoft Visual Studio Solution File, Format Version 12.00
# Visual Studio Version 17
VisualStudioVersion = 17.0.31903.59
MinimumVisualStudioVersion = 10.0.40219.1
Project("{2150E333-8FDC-42A3-9474-1A3956D46DE8}") = "src", "src", "{827E0CD3-B72D-47B6-A68D-7590B98EB39B}"
EndProject
Project("{2150E333-8FDC-42A3-9474-1A3956D46DE8}") = "Core", "Core", "{8D626EA8-CB54-BC41-363A-217881BEBA6E}"
EndProject
Project("{FAE04EC0-301F-11D3-BF4B-00C04F79EFBC}") = "GamingLibrary.Domain", "src\Core\GamingLibrary.Domain\GamingLibrary.Domain.csproj", "{8F2021C4-98C9-49F3-8882-38519435A436}"
EndProject
Project("{2150E333-8FDC-42A3-9474-1A3956D46DE8}") = "GamingLibrary.application", "GamingLibrary.application", "{40AFD612-DFD0-8847-F484-24704750E51C}"
EndProject
Project("{FAE04EC0-301F-11D3-BF4B-00C04F79EFBC}") = "GamingLibrary.Application", "src\Core\GamingLibrary.application\GamingLibrary.Application.csproj", "{DCF29D1D-74B6-4A4D-95D2-51A43E63A320}"
EndProject
Project("{2150E333-8FDC-42A3-9474-1A3956D46DE8}") = "Infrastructure", "Infrastructure", "{9048EB7F-3875-A59E-E36B-5BD4C6F2A282}"
EndProject
Project("{FAE04EC0-301F-11D3-BF4B-00C04F79EFBC}") = "GamingLibrary.Infrastructure", "src\Infrastructure\GamingLibrary.Infrastructure\GamingLibrary.Infrastructure.csproj", "{BF8C2B13-EE05-464C-A0DF-B87D3EDA2672}"
EndProject
Project("{FAE04EC0-301F-11D3-BF4B-00C04F79EFBC}") = "GamingLibrary.Infrastructure.Shared", "src\Infrastructure\GamingLibrary.Infrastructure.Shared\GamingLibrary.Infrastructure.Shared.csproj", "{B12080E9-6815-417D-A6BD-BFC1726AE28E}"
EndProject
Project("{2150E333-8FDC-42A3-9474-1A3956D46DE8}") = "Presentation", "Presentation", "{6996BBF7-DB31-59BC-C7DD-9A7CCC6138C4}"
EndProject
Project("{FAE04EC0-301F-11D3-BF4B-00C04F79EFBC}") = "GamingLibrary.Api", "src\Presentation\GamingLibrary.Api\GamingLibrary.Api.csproj", "{F24D0B01-CC13-4CDC-94F4-D96E77616AFE}"
EndProject
Project("{2150E333-8FDC-42A3-9474-1A3956D46DE8}") = "tests", "tests", "{0AB3BF05-4346-4AA6-1389-037BE0695223}"
EndProject
Project("{2150E333-8FDC-42A3-9474-1A3956D46DE8}") = "Unit", "Unit", "{9D556B49-86D1-93A7-9596-FFAAB74EC556}"
EndProject
Project("{FAE04EC0-301F-11D3-BF4B-00C04F79EFBC}") = "GamingLibrary.Domain.Tests", "tests\Unit\GamingLibrary.Domain.Tests\GamingLibrary.Domain.Tests.csproj", "{B810AC07-5CE7-4814-9E89-159451E439D8}"
EndProject
Project("{FAE04EC0-301F-11D3-BF4B-00C04F79EFBC}") = "GamingLibrary.Application.Tests", "tests\Unit\GamingLibrary.Application.Tests\GamingLibrary.Application.Tests.csproj", "{35D425BB-D107-43D1-9807-48FB8342C161}"
EndProject
Project("{FAE04EC0-301F-11D3-BF4B-00C04F79EFBC}") = "GamingLibrary.Infrastructure.Tests", "tests\Unit\GamingLibrary.Infrastructure.Tests\GamingLibrary.Infrastructure.Tests.csproj", "{0DBC7520-F84A-47AA-983B-5D0FDBB9F308}"
EndProject
Project("{2150E333-8FDC-42A3-9474-1A3956D46DE8}") = "Integration", "Integration", "{28A6993C-471E-82FE-7D9E-AD3B1EC22BD9}"
EndProject
Project("{FAE04EC0-301F-11D3-BF4B-00C04F79EFBC}") = "GamingLibrary.Api.IntegrationTests", "tests\Integration\GamingLibrary.Api.IntegrationTests\GamingLibrary.Api.IntegrationTests.csproj", "{39F855F5-86E9-4BAC-8287-BB4A9766A4E8}"
EndProject
Global
	GlobalSection(SolutionConfigurationPlatforms) = preSolution
		Debug|Any CPU = Debug|Any CPU
		Debug|x64 = Debug|x64
		Debug|x86 = Debug|x86
		Release|Any CPU = Release|Any CPU
		Release|x64 = Release|x64
		Release|x86 = Release|x86
	EndGlobalSection
	GlobalSection(ProjectConfigurationPlatforms) = postSolution
		{8F2021C4-98C9-49F3-8882-38519435A436}.Debug|Any CPU.ActiveCfg = Debug|Any CPU
		{8F2021C4-98C9-49F3-8882-38519435A436}.Debug|Any CPU.Build.0 = Debug|Any CPU
		{8F2021C4-98C9-49F3-8882-38519435A436}.Debug|x64.ActiveCfg = Debug|Any CPU
		{8F2021C4-98C9-49F3-8882-38519435A436}.Debug|x64.Build.0 = Debug|Any CPU
		{8F2021C4-98C9-49F3-8882-38519435A436}.Debug|x86.ActiveCfg = Debug|Any CPU
		{8F2021C4-98C9-49F3-8882-38519435A436}.Debug|x86.Build.0 = Debug|Any CPU
		{8F2021C4-98C9-49F3-8882-38519435A436}.Release|Any CPU.ActiveCfg = Release|Any CPU
		{8F2021C4-98C9-49F3-8882-38519435A436}.Release|Any CPU.Build.0 = Release|Any CPU
		{8F2021C4-98C9-49F3-8882-38519435A436}.Release|x64.ActiveCfg = Release|Any CPU
		{8F2021C4-98C9-49F3-8882-38519435A436}.Release|x64.Build.0 = Release|Any CPU
		{8F2021C4-98C9-49F3-8882-38519435A436}.Release|x86.ActiveCfg = Release|Any CPU
		{8F2021C4-98C9-49F3-8882-38519435A436}.Release|x86.Build.0 = Release|Any CPU
		{DCF29D1D-74B6-4A4D-95D2-51A43E63A320}.Debug|Any CPU.ActiveCfg = Debug|Any CPU
		{DCF29D1D-74B6-4A4D-95D2-51A43E63A320}.Debug|Any CPU.Build.0 = Debug|Any CPU
		{DCF29D1D-74B6-4A4D-95D2-51A43E63A320}.Debug|x64.ActiveCfg = Debug|Any CPU
		{DCF29D1D-74B6-4A4D-95D2-51A43E63A320}.Debug|x64.Build.0 = Debug|Any CPU
		{DCF29D1D-74B6-4A4D-95D2-51A43E63A320}.Debug|x86.ActiveCfg = Debug|Any CPU
		{DCF29D1D-74B6-4A4D-95D2-51A43E63A320}.Debug|x86.Build.0 = Debug|Any CPU
		{DCF29D1D-74B6-4A4D-95D2-51A43E63A320}.Release|Any CPU.ActiveCfg = Release|Any CPU
		{DCF29D1D-74B6-4A4D-95D2-51A43E63A320}.Release|Any CPU.Build.0 = Release|Any CPU
		{DCF29D1D-74B6-4A4D-95D2-51A43E63A320}.Release|x64.ActiveCfg = Release|Any CPU
		{DCF29D1D-74B6-4A4D-95D2-51A43E63A320}.Release|x64.Build.0 = Release|Any CPU
		{DCF29D1D-74B6-4A4D-95D2-51A43E63A320}.Release|x86.ActiveCfg = Release|Any CPU
		{DCF29D1D-74B6-4A4D-95D2-51A43E63A320}.Release|x86.Build.0 = Release|Any CPU
		{BF8C2B13-EE05-464C-A0DF-B87D3EDA2672}.Debug|Any CPU.ActiveCfg = Debug|Any CPU
		{BF8C2B13-EE05-464C-A0DF-B87D3EDA2672}.Debug|Any CPU.Build.0 = Debug|Any CPU
		{BF8C2B13-EE05-464C-A0DF-B87D3EDA2672}.Debug|x64.ActiveCfg = Debug|Any CPU
		{BF8C2B13-EE05-464C-A0DF-B87D3EDA2672}.Debug|x64.Build.0 = Debug|Any CPU
		{BF8C2B13-EE05-464C-A0DF-B87D3EDA2672}.Debug|x86.ActiveCfg = Debug|Any CPU
		{BF8C2B13-EE05-464C-A0DF-B87D3EDA2672}.Debug|x86.Build.0 = Debug|Any CPU
		{BF8C2B13-EE05-464C-A0DF-B87D3EDA2672}.Release|Any CPU.ActiveCfg = Release|Any CPU
		{BF8C2B13-EE05-464C-A0DF-B87D3EDA2672}.Release|Any CPU.Build.0 = Release|Any CPU
		{BF8C2B13-EE05-464C-A0DF-B87D3EDA2672}.Release|x64.ActiveCfg = Release|Any CPU
		{BF8C2B13-EE05-464C-A0DF-B87D3EDA2672}.Release|x64.Build.0 = Release|Any CPU
		{BF8C2B13-EE05-464C-A0DF-B87D3EDA2672}.Release|x86.ActiveCfg = Release|Any CPU
		{BF8C2B13-EE05-464C-A0DF-B87D3EDA2672}.Release|x86.Build.0 = Release|Any CPU
		{B12080E9-6815-417D-A6BD-BFC1726AE28E}.Debug|Any CPU.ActiveCfg = Debug|Any CPU
		{B12080E9-6815-417D-A6BD-BFC1726AE28E}.Debug|Any CPU.Build.0 = Debug|Any CPU
		{B12080E9-6815-417D-A6BD-BFC1726AE28E}.Debug|x64.ActiveCfg = Debug|Any CPU
		{B12080E9-6815-417D-A6BD-BFC1726AE28E}.Debug|x64.Build.0 = Debug|Any CPU
		{B12080E9-6815-417D-A6BD-BFC1726AE28E}.Debug|x86.ActiveCfg = Debug|Any CPU
		{B12080E9-6815-417D-A6BD-BFC1726AE28E}.Debug|x86.Build.0 = Debug|Any CPU
		{B12080E9-6815-417D-A6BD-BFC1726AE28E}.Release|Any CPU.ActiveCfg = Release|Any CPU
		{B12080E9-6815-417D-A6BD-BFC1726AE28E}.Release|Any CPU.Build.0 = Release|Any CPU
		{B12080E9-6815-417D-A6BD-BFC1726AE28E}.Release|x64.ActiveCfg = Release|Any CPU
		{B12080E9-6815-417D-A6BD-BFC1726AE28E}.Release|x64.Build.0 = Release|Any CPU
		{B12080E9-6815-417D-A6BD-BFC1726AE28E}.Release|x86.ActiveCfg = Release|Any CPU
		{B12080E9-6815-417D-A6BD-BFC1726AE28E}.Release|x86.Build.0 = Release|Any CPU
		{F24D0B01-CC13-4CDC-94F4-D96E77616AFE}.Debug|Any CPU.ActiveCfg = Debug|Any CPU
		{F24D0B01-CC13-4CDC-94F4-D96E77616AFE}.Debug|Any CPU.Build.0 = Debug|Any CPU
		{F24D0B01-CC13-4CDC-94F4-D96E77616AFE}.Debug|x64.ActiveCfg = Debug|Any CPU
		{F24D0B01-CC13-4CDC-94F4-D96E77616AFE}.Debug|x64.Build.0 = Debug|Any CPU
		{F24D0B01-CC13-4CDC-94F4-D96E77616AFE}.Debug|x86.ActiveCfg = Debug|Any CPU
		{F24D0B01-CC13-4CDC-94F4-D96E77616AFE}.Debug|x86.Build.0 = Debug|Any CPU
		{F24D0B01-CC13-4CDC-94F4-D96E77616AFE}.Release|Any CPU.ActiveCfg = Release|Any CPU
		{F24D0B01-CC13-4CDC-94F4-D96E77616AFE}.Release|Any CPU.Build.0 = Release|Any CPU
		{F24D0B01-CC13-4CDC-94F4-D96E77616AFE}.Release|x64.ActiveCfg = Release|Any CPU
		{F24D0B01-CC13-4CDC-94F4-D96E77616AFE}.Release|x64.Build.0 = Release|Any CPU
		{F24D0B01-CC13-4CDC-94F4-D96E77616AFE}.Release|x86.ActiveCfg = Release|Any CPU
		{F24D0B01-CC13-4CDC-94F4-D96E77616AFE}.Release|x86.Build.0 = Release|Any CPU
		{B810AC07-5CE7-4814-9E89-159451E439D8}.Debug|Any CPU.ActiveCfg = Debug|Any CPU
		{B810AC07-5CE7-4814-9E89-159451E439D8}.Debug|Any CPU.Build.0 = Debug|Any CPU
		{B810AC07-5CE7-4814-9E89-159451E439D8}.Debug|x64.ActiveCfg = Debug|Any CPU
		{B810AC07-5CE7-4814-9E89-159451E439D8}.Debug|x64.Build.0 = Debug|Any CPU
		{B810AC07-5CE7-4814-9E89-159451E439D8}.Debug|x86.ActiveCfg = Debug|Any CPU
		{B810AC07-5CE7-4814-9E89-159451E439D8}.Debug|x86.Build.0 = Debug|Any CPU
		{B810AC07-5CE7-4814-9E89-159451E439D8}.Release|Any CPU.ActiveCfg = Release|Any CPU
		{B810AC07-5CE7-4814-9E89-159451E439D8}.Release|Any CPU.Build.0 = Release|Any CPU
		{B810AC07-5CE7-4814-9E89-159451E439D8}.Release|x64.ActiveCfg = Release|Any CPU
		{B810AC07-5CE7-4814-9E89-159451E439D8}.Release|x64.Build.0 = Release|Any CPU
		{B810AC07-5CE7-4814-9E89-159451E439D8}.Release|x86.ActiveCfg = Release|Any CPU
		{B810AC07-5CE7-4814-9E89-159451E439D8}.Release|x86.Build.0 = Release|Any CPU
		{35D425BB-D107-43D1-9807-48FB8342C161}.Debug|Any CPU.ActiveCfg = Debug|Any CPU
		{35D425BB-D107-43D1-9807-48FB8342C161}.Debug|Any CPU.Build.0 = Debug|Any CPU
		{35D425BB-D107-43D1-9807-48FB8342C161}.Debug|x64.ActiveCfg = Debug|Any CPU
		{35D425BB-D107-43D1-9807-48FB8342C161}.Debug|x64.Build.0 = Debug|Any CPU
		{35D425BB-D107-43D1-9807-48FB8342C161}.Debug|x86.ActiveCfg = Debug|Any CPU
		{35D425BB-D107-43D1-9807-48FB8342C161}.Debug|x86.Build.0 = Debug|Any CPU
		{35D425BB-D107-43D1-9807-48FB8342C161}.Release|Any CPU.ActiveCfg = Release|Any CPU
		{35D425BB-D107-43D1-9807-48FB8342C161}.Release|Any CPU.Build.0 = Release|Any CPU
		{35D425BB-D107-43D1-9807-48FB8342C161}.Release|x64.ActiveCfg = Release|Any CPU
		{35D425BB-D107-43D1-9807-48FB8342C161}.Release|x64.Build.0 = Release|Any CPU
		{35D425BB-D107-43D1-9807-48FB8342C161}.Release|x86.ActiveCfg = Release|Any CPU
		{35D425BB-D107-43D1-9807-48FB8342C161}.Release|x86.Build.0 = Release|Any CPU
		{0DBC7520-F84A-47AA-983B-5D0FDBB9F308}.Debug|Any CPU.ActiveCfg = Debug|Any CPU
		{0DBC7520-F84A-47AA-983B-5D0FDBB9F308}.Debug|Any CPU.Build.0 = Debug|Any CPU
		{0DBC7520-F84A-47AA-983B-5D0FDBB9F308}.Debug|x64.ActiveCfg = Debug|Any CPU
		{0DBC7520-F84A-47AA-983B-5D0FDBB9F308}.Debug|x64.Build.0 = Debug|Any CPU
		{0DBC7520-F84A-47AA-983B-5D0FDBB9F308}.Debug|x86.ActiveCfg = Debug|Any CPU
		{0DBC7520-F84A-47AA-983B-5D0FDBB9F308}.Debug|x86.Build.0 = Debug|Any CPU
		{0DBC7520-F84A-47AA-983B-5D0FDBB9F308}.Release|Any CPU.ActiveCfg = Release|Any CPU
		{0DBC7520-F84A-47AA-983B-5D0FDBB9F308}.Release|Any CPU.Build.0 = Release|Any CPU
		{0DBC7520-F84A-47AA-983B-5D0FDBB9F308}.Release|x64.ActiveCfg = Release|Any CPU
		{0DBC7520-F84A-47AA-983B-5D0FDBB9F308}.Release|x64.Build.0 = Release|Any CPU
		{0DBC7520-F84A-47AA-983B-5D0FDBB9F308}.Release|x86.ActiveCfg = Release|Any CPU
		{0DBC7520-F84A-47AA-983B-5D0FDBB9F308}.Release|x86.Build.0 = Release|Any CPU
		{39F855F5-86E9-4BAC-8287-BB4A9766A4E8}.Debug|Any CPU.ActiveCfg = Debug|Any CPU
		{39F855F5-86E9-4BAC-8287-BB4A9766A4E8}.Debug|Any CPU.Build.0 = Debug|Any CPU
		{39F855F5-86E9-4BAC-8287-BB4A9766A4E8}.Debug|x64.ActiveCfg = Debug|Any CPU
		{39F855F5-86E9-4BAC-8287-BB4A9766A4E8}.Debug|x64.Build.0 = Debug|Any CPU
		{39F855F5-86E9-4BAC-8287-BB4A9766A4E8}.Debug|x86.ActiveCfg = Debug|Any CPU
		{39F855F5-86E9-4BAC-8287-BB4A9766A4E8}.Debug|x86.Build.0 = Debug|Any CPU
		{39F855F5-86E9-4BAC-8287-BB4A9766A4E8}.Release|Any CPU.ActiveCfg = Release|Any CPU
		{39F855F5-86E9-4BAC-8287-BB4A9766A4E8}.Release|Any CPU.Build.0 = Release|Any CPU
		{39F855F5-86E9-4BAC-8287-BB4A9766A4E8}.Release|x64.ActiveCfg = Release|Any CPU
		{39F855F5-86E9-4BAC-8287-BB4A9766A4E8}.Release|x64.Build.0 = Release|Any CPU
		{39F855F5-86E9-4BAC-8287-BB4A9766A4E8}.Release|x86.ActiveCfg = Release|Any CPU
		{39F855F5-86E9-4BAC-8287-BB4A9766A4E8}.Release|x86.Build.0 = Release|Any CPU
	EndGlobalSection
	GlobalSection(SolutionProperties) = preSolution
		HideSolutionNode = FALSE
	EndGlobalSection
	GlobalSection(NestedProjects) = preSolution
		{8D626EA8-CB54-BC41-363A-217881BEBA6E} = {827E0CD3-B72D-47B6-A68D-7590B98EB39B}
		{8F2021C4-98C9-49F3-8882-38519435A436} = {8D626EA8-CB54-BC41-363A-217881BEBA6E}
		{40AFD612-DFD0-8847-F484-24704750E51C} = {8D626EA8-CB54-BC41-363A-217881BEBA6E}
		{DCF29D1D-74B6-4A4D-95D2-51A43E63A320} = {40AFD612-DFD0-8847-F484-24704750E51C}
		{9048EB7F-3875-A59E-E36B-5BD4C6F2A282} = {827E0CD3-B72D-47B6-A68D-7590B98EB39B}
		{BF8C2B13-EE05-464C-A0DF-B87D3EDA2672} = {9048EB7F-3875-A59E-E36B-5BD4C6F2A282}
		{B12080E9-6815-417D-A6BD-BFC1726AE28E} = {9048EB7F-3875-A59E-E36B-5BD4C6F2A282}
		{6996BBF7-DB31-59BC-C7DD-9A7CCC6138C4} = {827E0CD3-B72D-47B6-A68D-7590B98EB39B}
		{F24D0B01-CC13-4CDC-94F4-D96E77616AFE} = {6996BBF7-DB31-59BC-C7DD-9A7CCC6138C4}
		{9D556B49-86D1-93A7-9596-FFAAB74EC556} = {0AB3BF05-4346-4AA6-1389-037BE0695223}
		{B810AC07-5CE7-4814-9E89-159451E439D8} = {9D556B49-86D1-93A7-9596-FFAAB74EC556}
		{35D425BB-D107-43D1-9807-48FB8342C161} = {9D556B49-86D1-93A7-9596-FFAAB74EC556}
		{0DBC7520-F84A-47AA-983B-5D0FDBB9F308} = {9D556B49-86D1-93A7-9596-FFAAB74EC556}
		{28A6993C-471E-82FE-7D9E-AD3B1EC22BD9} = {0AB3BF05-4346-4AA6-1389-037BE0695223}
		{39F855F5-86E9-4BAC-8287-BB4A9766A4E8} = {28A6993C-471E-82FE-7D9E-AD3B1EC22BD9}
	EndGlobalSection
EndGlobal
